<?xml version="1.0" encoding="UTF-8" standalone="yes" ?>
<CodeBlocks_project_file>
	<FileVersion major="1" minor="6" />
	<Project>
		<Option title="colfade" />
		<Option pch_mode="2" />
		<Option compiler="cc65" />
		<Build>
			<Target title="Debug">
				<Option output="colfade_dbg.prg" prefix_auto="0" extension_auto="0" />
				<Option object_output="gcc/obj/Debug/" />
				<Option type="1" />
				<Option compiler="cc65" />
				<Compiler>
					<Add option="-g" />
					<Add directory="../../include" />
				</Compiler>
				<Linker>
					<Add library="..\..\lib\carlos.lib" />
					<Add library="..\..\lib\timer\timer.lib" />
					<Add library="..\..\lib\raster\raster.lib" />
					<Add library="..\..\lib\CBMKey\CBMKey.lib" />
					<Add library="..\..\lib\conio\conio+.lib" />
				</Linker>
			</Target>
			<Target title="Release">
				<Option output="colfade.prg" prefix_auto="0" extension_auto="0" />
				<Option object_output="gcc/obj/Release/" />
				<Option type="1" />
				<Option compiler="cc65" />
				<Compiler>
					<Add option="-DNDEBUG" />
					<Add directory="../../include" />
				</Compiler>
				<Linker>
					<Add library="..\..\lib\carlos.lib" />
					<Add library="..\..\lib\timer\timer.lib" />
					<Add library="..\..\lib\raster\raster.lib" />
					<Add library="..\..\lib\CBMKey\CBMKey.lib" />
					<Add library="..\..\lib\conio\conio+.lib" />
				</Linker>
			</Target>
		</Build>
		<Unit filename="VICColorfade.h" />
		<Unit filename="VICColorfadeCalcReadPtr.c">
			<Option compilerVar="CC" />
		</Unit>
		<Unit filename="VICColorfadeGetNextColor.c">
			<Option compilerVar="CC" />
		</Unit>
		<Unit filename="VICColorfadeIsComplete.c">
			<Option compilerVar="CC" />
		</Unit>
		<Unit filename="VICColorfadeNew.c">
			<Option compilerVar="CC" />
		</Unit>
		<Unit filename="VICColorfadeObjAlloc.c">
			<Option compilerVar="CC" />
		</Unit>
		<Unit filename="VICColorfadeSetMode.c">
			<Option compilerVar="CC" />
		</Unit>
		<Unit filename="VICColorfadeSetNewEndcolor.c">
			<Option compilerVar="CC" />
		</Unit>
		<Unit filename="VICColorfadeSetReadPtr.c">
			<Option compilerVar="CC" />
		</Unit>
		<Unit filename="VICColorfadeSetStartEnd.c">
			<Option compilerVar="CC" />
		</Unit>
		<Unit filename="VICColorfadeToggleStartEndColor.c">
			<Option compilerVar="CC" />
		</Unit>
		<Unit filename="VICColorfade_SetSpeed.c">
			<Option compilerVar="CC" />
		</Unit>
		<Unit filename="VICColorfade_internal.h" />
		<Unit filename="coltab.s" />
		<Unit filename="main.c">
			<Option compilerVar="CC" />
		</Unit>
		<Extensions>
			<code_completion />
			<envvars />
			<debugger />
		</Extensions>
	</Project>
</CodeBlocks_project_file>
